
Microsoft Visual Studio Solution File, Format Version 12.00
# Visual Studio Version 17
VisualStudioVersion = 17.4.33213.308
MinimumVisualStudioVersion = 10.0.40219.1
Project("{FAE04EC0-301F-11D3-BF4B-00C04F79EFBC}") = "myService", "myService.csproj", "{4A2A3AF2-12B8-4578-B672-74A4862DE66F}"
EndProject
Global
	GlobalSection(SolutionConfigurationPlatforms) = preSolution
		Debug|Any CPU = Debug|Any CPU
		Release|Any CPU = Release|Any CPU
	EndGlobalSection
	GlobalSection(ProjectConfigurationPlatforms) = postSolution
		{4A2A3AF2-12B8-4578-B672-74A4862DE66F}.Debug|Any CPU.ActiveCfg = Debug|Any CPU
		{4A2A3AF2-12B8-4578-B672-74A4862DE66F}.Debug|Any CPU.Build.0 = Debug|Any CPU
		{4A2A3AF2-12B8-4578-B672-74A4862DE66F}.Release|Any CPU.ActiveCfg = Release|Any CPU
		{4A2A3AF2-12B8-4578-B672-74A4862DE66F}.Release|Any CPU.Build.0 = Release|Any CPU
	EndGlobalSection
	GlobalSection(SolutionProperties) = preSolution
		HideSolutionNode = FALSE
	EndGlobalSection
	GlobalSection(ExtensibilityGlobals) = postSolution
		SolutionGuid = {E5C4AD46-693E-4316-BBE9-72460885D313}
	EndGlobalSection
EndGlobal
